// !$*UTF8*$!
{
	archiveVersion = 1;
	classes = {
	};
	objectVersion = 50;
	objects = {

/* Begin PBXBuildFile section */
		572C73FB26E8E529007BBAB0 /* ci_cd_pocApp.swift in Sources */ = {isa = PBXBuildFile; fileRef = 572C73E826E8E528007BBAB0 /* ci_cd_pocApp.swift */; };
		572C73FC26E8E529007BBAB0 /* ci_cd_pocApp.swift in Sources */ = {isa = PBXBuildFile; fileRef = 572C73E826E8E528007BBAB0 /* ci_cd_pocApp.swift */; };
		572C73FD26E8E529007BBAB0 /* ContentView.swift in Sources */ = {isa = PBXBuildFile; fileRef = 572C73E926E8E528007BBAB0 /* ContentView.swift */; };
		572C73FE26E8E529007BBAB0 /* ContentView.swift in Sources */ = {isa = PBXBuildFile; fileRef = 572C73E926E8E528007BBAB0 /* ContentView.swift */; };
		572C73FF26E8E529007BBAB0 /* Assets.xcassets in Resources */ = {isa = PBXBuildFile; fileRef = 572C73EA26E8E529007BBAB0 /* Assets.xcassets */; };
		572C740026E8E529007BBAB0 /* Assets.xcassets in Resources */ = {isa = PBXBuildFile; fileRef = 572C73EA26E8E529007BBAB0 /* Assets.xcassets */; };
/* End PBXBuildFile section */

/* Begin PBXFileReference section */
		572C73E826E8E528007BBAB0 /* ci_cd_pocApp.swift */ = {isa = PBXFileReference; lastKnownFileType = sourcecode.swift; path = ci_cd_pocApp.swift; sourceTree = "<group>"; };
		572C73E926E8E528007BBAB0 /* ContentView.swift */ = {isa = PBXFileReference; lastKnownFileType = sourcecode.swift; path = ContentView.swift; sourceTree = "<group>"; };
		572C73EA26E8E529007BBAB0 /* Assets.xcassets */ = {isa = PBXFileReference; lastKnownFileType = folder.assetcatalog; path = Assets.xcassets; sourceTree = "<group>"; };
		572C73EF26E8E529007BBAB0 /* ci-cd-poc.app */ = {isa = PBXFileReference; explicitFileType = wrapper.application; includeInIndex = 0; path = "ci-cd-poc.app"; sourceTree = BUILT_PRODUCTS_DIR; };
		572C73F226E8E529007BBAB0 /* Info.plist */ = {isa = PBXFileReference; lastKnownFileType = text.plist.xml; path = Info.plist; sourceTree = "<group>"; };
		572C73F726E8E529007BBAB0 /* ci-cd-poc.app */ = {isa = PBXFileReference; explicitFileType = wrapper.application; includeInIndex = 0; path = "ci-cd-poc.app"; sourceTree = BUILT_PRODUCTS_DIR; };
		572C73F926E8E529007BBAB0 /* Info.plist */ = {isa = PBXFileReference; lastKnownFileType = text.plist.xml; path = Info.plist; sourceTree = "<group>"; };
		572C73FA26E8E529007BBAB0 /* macOS.entitlements */ = {isa = PBXFileReference; lastKnownFileType = text.plist.entitlements; path = macOS.entitlements; sourceTree = "<group>"; };
/* End PBXFileReference section */

/* Begin PBXFrameworksBuildPhase section */
		572C73EC26E8E529007BBAB0 /* Frameworks */ = {
			isa = PBXFrameworksBuildPhase;
			buildActionMask = 2147483647;
			files = (
			);
			runOnlyForDeploymentPostprocessing = 0;
		};
		572C73F426E8E529007BBAB0 /* Frameworks */ = {
			isa = PBXFrameworksBuildPhase;
			buildActionMask = 2147483647;
			files = (
			);
			runOnlyForDeploymentPostprocessing = 0;
		};
/* End PBXFrameworksBuildPhase section */

/* Begin PBXGroup section */
		572C73E226E8E527007BBAB0 = {
			isa = PBXGroup;
			children = (
				572C73E726E8E528007BBAB0 /* Shared */,
				572C73F126E8E529007BBAB0 /* iOS */,
				572C73F826E8E529007BBAB0 /* macOS */,
				572C73F026E8E529007BBAB0 /* Products */,
			);
			sourceTree = "<group>";
		};
		572C73E726E8E528007BBAB0 /* Shared */ = {
			isa = PBXGroup;
			children = (
				572C73E826E8E528007BBAB0 /* ci_cd_pocApp.swift */,
				572C73E926E8E528007BBAB0 /* ContentView.swift */,
				572C73EA26E8E529007BBAB0 /* Assets.xcassets */,
			);
			path = Shared;
			sourceTree = "<group>";
		};
		572C73F026E8E529007BBAB0 /* Products */ = {
			isa = PBXGroup;
			children = (
				572C73EF26E8E529007BBAB0 /* ci-cd-poc.app */,
				572C73F726E8E529007BBAB0 /* ci-cd-poc.app */,
			);
			name = Products;
			sourceTree = "<group>";
		};
		572C73F126E8E529007BBAB0 /* iOS */ = {
			isa = PBXGroup;
			children = (
				572C73F226E8E529007BBAB0 /* Info.plist */,
			);
			path = iOS;
			sourceTree = "<group>";
		};
		572C73F826E8E529007BBAB0 /* macOS */ = {
			isa = PBXGroup;
			children = (
				572C73F926E8E529007BBAB0 /* Info.plist */,
				572C73FA26E8E529007BBAB0 /* macOS.entitlements */,
			);
			path = macOS;
			sourceTree = "<group>";
		};
/* End PBXGroup section */

/* Begin PBXNativeTarget section */
		572C73EE26E8E529007BBAB0 /* ci-cd-poc (iOS) */ = {
			isa = PBXNativeTarget;
			buildConfigurationList = 572C740326E8E529007BBAB0 /* Build configuration list for PBXNativeTarget "ci-cd-poc (iOS)" */;
			buildPhases = (
				572C73EB26E8E529007BBAB0 /* Sources */,
				572C73EC26E8E529007BBAB0 /* Frameworks */,
				572C73ED26E8E529007BBAB0 /* Resources */,
			);
			buildRules = (
			);
			dependencies = (
			);
			name = "ci-cd-poc (iOS)";
			productName = "ci-cd-poc (iOS)";
			productReference = 572C73EF26E8E529007BBAB0 /* ci-cd-poc.app */;
			productType = "com.apple.product-type.application";
		};
		572C73F626E8E529007BBAB0 /* ci-cd-poc (macOS) */ = {
			isa = PBXNativeTarget;
			buildConfigurationList = 572C740626E8E529007BBAB0 /* Build configuration list for PBXNativeTarget "ci-cd-poc (macOS)" */;
			buildPhases = (
				572C73F326E8E529007BBAB0 /* Sources */,
				572C73F426E8E529007BBAB0 /* Frameworks */,
				572C73F526E8E529007BBAB0 /* Resources */,
			);
			buildRules = (
			);
			dependencies = (
			);
			name = "ci-cd-poc (macOS)";
			productName = "ci-cd-poc (macOS)";
			productReference = 572C73F726E8E529007BBAB0 /* ci-cd-poc.app */;
			productType = "com.apple.product-type.application";
		};
/* End PBXNativeTarget section */

/* Begin PBXProject section */
		572C73E326E8E527007BBAB0 /* Project object */ = {
			isa = PBXProject;
			attributes = {
				LastSwiftUpdateCheck = 1250;
				LastUpgradeCheck = 1250;
				TargetAttributes = {
					572C73EE26E8E529007BBAB0 = {
						CreatedOnToolsVersion = 12.5.1;
					};
					572C73F626E8E529007BBAB0 = {
						CreatedOnToolsVersion = 12.5.1;
					};
				};
			};
			buildConfigurationList = 572C73E626E8E527007BBAB0 /* Build configuration list for PBXProject "ci-cd-poc" */;
			compatibilityVersion = "Xcode 9.3";
			developmentRegion = en;
			hasScannedForEncodings = 0;
			knownRegions = (
				en,
				Base,
			);
			mainGroup = 572C73E226E8E527007BBAB0;
			productRefGroup = 572C73F026E8E529007BBAB0 /* Products */;
			projectDirPath = "";
			projectRoot = "";
			targets = (
				572C73EE26E8E529007BBAB0 /* ci-cd-poc (iOS) */,
				572C73F626E8E529007BBAB0 /* ci-cd-poc (macOS) */,
			);
		};
/* End PBXProject section */

/* Begin PBXResourcesBuildPhase section */
		572C73ED26E8E529007BBAB0 /* Resources */ = {
			isa = PBXResourcesBuildPhase;
			buildActionMask = 2147483647;
			files = (
				572C73FF26E8E529007BBAB0 /* Assets.xcassets in Resources */,
			);
			runOnlyForDeploymentPostprocessing = 0;
		};
		572C73F526E8E529007BBAB0 /* Resources */ = {
			isa = PBXResourcesBuildPhase;
			buildActionMask = 2147483647;
			files = (
				572C740026E8E529007BBAB0 /* Assets.xcassets in Resources */,
			);
			runOnlyForDeploymentPostprocessing = 0;
		};
/* End PBXResourcesBuildPhase section */

/* Begin PBXSourcesBuildPhase section */
		572C73EB26E8E529007BBAB0 /* Sources */ = {
			isa = PBXSourcesBuildPhase;
			buildActionMask = 2147483647;
			files = (
				572C73FD26E8E529007BBAB0 /* ContentView.swift in Sources */,
				572C73FB26E8E529007BBAB0 /* ci_cd_pocApp.swift in Sources */,
			);
			runOnlyForDeploymentPostprocessing = 0;
		};
		572C73F326E8E529007BBAB0 /* Sources */ = {
			isa = PBXSourcesBuildPhase;
			buildActionMask = 2147483647;
			files = (
				572C73FE26E8E529007BBAB0 /* ContentView.swift in Sources */,
				572C73FC26E8E529007BBAB0 /* ci_cd_pocApp.swift in Sources */,
			);
			runOnlyForDeploymentPostprocessing = 0;
		};
/* End PBXSourcesBuildPhase section */

/* Begin XCBuildConfiguration section */
		572C740126E8E529007BBAB0 /* Debug */ = {
			isa = XCBuildConfiguration;
			buildSettings = {
				ALWAYS_SEARCH_USER_PATHS = NO;
				CLANG_ANALYZER_NONNULL = YES;
				CLANG_ANALYZER_NUMBER_OBJECT_CONVERSION = YES_AGGRESSIVE;
				CLANG_CXX_LANGUAGE_STANDARD = "gnu++14";
				CLANG_CXX_LIBRARY = "libc++";
				CLANG_ENABLE_MODULES = YES;
				CLANG_ENABLE_OBJC_ARC = YES;
				CLANG_ENABLE_OBJC_WEAK = YES;
				CLANG_WARN_BLOCK_CAPTURE_AUTORELEASING = YES;
				CLANG_WARN_BOOL_CONVERSION = YES;
				CLANG_WARN_COMMA = YES;
				CLANG_WARN_CONSTANT_CONVERSION = YES;
				CLANG_WARN_DEPRECATED_OBJC_IMPLEMENTATIONS = YES;
				CLANG_WARN_DIRECT_OBJC_ISA_USAGE = YES_ERROR;
				CLANG_WARN_DOCUMENTATION_COMMENTS = YES;
				CLANG_WARN_EMPTY_BODY = YES;
				CLANG_WARN_ENUM_CONVERSION = YES;
				CLANG_WARN_INFINITE_RECURSION = YES;
				CLANG_WARN_INT_CONVERSION = YES;
				CLANG_WARN_NON_LITERAL_NULL_CONVERSION = YES;
				CLANG_WARN_OBJC_IMPLICIT_RETAIN_SELF = YES;
				CLANG_WARN_OBJC_LITERAL_CONVERSION = YES;
				CLANG_WARN_OBJC_ROOT_CLASS = YES_ERROR;
				CLANG_WARN_QUOTED_INCLUDE_IN_FRAMEWORK_HEADER = YES;
				CLANG_WARN_RANGE_LOOP_ANALYSIS = YES;
				CLANG_WARN_STRICT_PROTOTYPES = YES;
				CLANG_WARN_SUSPICIOUS_MOVE = YES;
				CLANG_WARN_UNGUARDED_AVAILABILITY = YES_AGGRESSIVE;
				CLANG_WARN_UNREACHABLE_CODE = YES;
				CLANG_WARN__DUPLICATE_METHOD_MATCH = YES;
				COPY_PHASE_STRIP = NO;
				DEBUG_INFORMATION_FORMAT = dwarf;
				ENABLE_STRICT_OBJC_MSGSEND = YES;
				ENABLE_TESTABILITY = YES;
				GCC_C_LANGUAGE_STANDARD = gnu11;
				GCC_DYNAMIC_NO_PIC = NO;
				GCC_NO_COMMON_BLOCKS = YES;
				GCC_OPTIMIZATION_LEVEL = 0;
				GCC_PREPROCESSOR_DEFINITIONS = (
					"DEBUG=1",
					"$(inherited)",
				);
				GCC_WARN_64_TO_32_BIT_CONVERSION = YES;
				GCC_WARN_ABOUT_RETURN_TYPE = YES_ERROR;
				GCC_WARN_UNDECLARED_SELECTOR = YES;
				GCC_WARN_UNINITIALIZED_AUTOS = YES_AGGRESSIVE;
				GCC_WARN_UNUSED_FUNCTION = YES;
				GCC_WARN_UNUSED_VARIABLE = YES;
				MTL_ENABLE_DEBUG_INFO = INCLUDE_SOURCE;
				MTL_FAST_MATH = YES;
				ONLY_ACTIVE_ARCH = YES;
				SWIFT_ACTIVE_COMPILATION_CONDITIONS = DEBUG;
				SWIFT_OPTIMIZATION_LEVEL = "-Onone";
			};
			name = Debug;
		};
		572C740226E8E529007BBAB0 /* Release */ = {
			isa = XCBuildConfiguration;
			buildSettings = {
				ALWAYS_SEARCH_USER_PATHS = NO;
				CLANG_ANALYZER_NONNULL = YES;
				CLANG_ANALYZER_NUMBER_OBJECT_CONVERSION = YES_AGGRESSIVE;
				CLANG_CXX_LANGUAGE_STANDARD = "gnu++14";
				CLANG_CXX_LIBRARY = "libc++";
				CLANG_ENABLE_MODULES = YES;
				CLANG_ENABLE_OBJC_ARC = YES;
				CLANG_ENABLE_OBJC_WEAK = YES;
				CLANG_WARN_BLOCK_CAPTURE_AUTORELEASING = YES;
				CLANG_WARN_BOOL_CONVERSION = YES;
				CLANG_WARN_COMMA = YES;
				CLANG_WARN_CONSTANT_CONVERSION = YES;
				CLANG_WARN_DEPRECATED_OBJC_IMPLEMENTATIONS = YES;
				CLANG_WARN_DIRECT_OBJC_ISA_USAGE = YES_ERROR;
				CLANG_WARN_DOCUMENTATION_COMMENTS = YES;
				CLANG_WARN_EMPTY_BODY = YES;
				CLANG_WARN_ENUM_CONVERSION = YES;
				CLANG_WARN_INFINITE_RECURSION = YES;
				CLANG_WARN_INT_CONVERSION = YES;
				CLANG_WARN_NON_LITERAL_NULL_CONVERSION = YES;
				CLANG_WARN_OBJC_IMPLICIT_RETAIN_SELF = YES;
				CLANG_WARN_OBJC_LITERAL_CONVERSION = YES;
				CLANG_WARN_OBJC_ROOT_CLASS = YES_ERROR;
				CLANG_WARN_QUOTED_INCLUDE_IN_FRAMEWORK_HEADER = YES;
				CLANG_WARN_RANGE_LOOP_ANALYSIS = YES;
				CLANG_WARN_STRICT_PROTOTYPES = YES;
				CLANG_WARN_SUSPICIOUS_MOVE = YES;
				CLANG_WARN_UNGUARDED_AVAILABILITY = YES_AGGRESSIVE;
				CLANG_WARN_UNREACHABLE_CODE = YES;
				CLANG_WARN__DUPLICATE_METHOD_MATCH = YES;
				COPY_PHASE_STRIP = NO;
				DEBUG_INFORMATION_FORMAT = "dwarf-with-dsym";
				ENABLE_NS_ASSERTIONS = NO;
				ENABLE_STRICT_OBJC_MSGSEND = YES;
				GCC_C_LANGUAGE_STANDARD = gnu11;
				GCC_NO_COMMON_BLOCKS = YES;
				GCC_WARN_64_TO_32_BIT_CONVERSION = YES;
				GCC_WARN_ABOUT_RETURN_TYPE = YES_ERROR;
				GCC_WARN_UNDECLARED_SELECTOR = YES;
				GCC_WARN_UNINITIALIZED_AUTOS = YES_AGGRESSIVE;
				GCC_WARN_UNUSED_FUNCTION = YES;
				GCC_WARN_UNUSED_VARIABLE = YES;
				MTL_ENABLE_DEBUG_INFO = NO;
				MTL_FAST_MATH = YES;
				SWIFT_COMPILATION_MODE = wholemodule;
				SWIFT_OPTIMIZATION_LEVEL = "-O";
			};
			name = Release;
		};
		572C740426E8E529007BBAB0 /* Debug */ = {
			isa = XCBuildConfiguration;
			buildSettings = {
				ASSETCATALOG_COMPILER_APPICON_NAME = AppIcon;
				ASSETCATALOG_COMPILER_GLOBAL_ACCENT_COLOR_NAME = AccentColor;
				CODE_SIGN_STYLE = Automatic;
				DEVELOPMENT_TEAM = 828XYUZTZQ;
				ENABLE_PREVIEWS = YES;
				INFOPLIST_FILE = iOS/Info.plist;
				IPHONEOS_DEPLOYMENT_TARGET = 14.0;
				LD_RUNPATH_SEARCH_PATHS = (
					"$(inherited)",
					"@executable_path/Frameworks",
				);
				PRODUCT_BUNDLE_IDENTIFIER = "rudigus.ci-cd-poc";
				PRODUCT_NAME = "ci-cd-poc";
				SDKROOT = iphoneos;
				SWIFT_VERSION = 5.0;
				TARGETED_DEVICE_FAMILY = "1,2";
			};
			name = Debug;
		};
		572C740526E8E529007BBAB0 /* Release */ = {
			isa = XCBuildConfiguration;
			buildSettings = {
				ASSETCATALOG_COMPILER_APPICON_NAME = AppIcon;
				ASSETCATALOG_COMPILER_GLOBAL_ACCENT_COLOR_NAME = AccentColor;
				CODE_SIGN_STYLE = Automatic;
				DEVELOPMENT_TEAM = 828XYUZTZQ;
				ENABLE_PREVIEWS = YES;
				INFOPLIST_FILE = iOS/Info.plist;
				IPHONEOS_DEPLOYMENT_TARGET = 14.0;
				LD_RUNPATH_SEARCH_PATHS = (
					"$(inherited)",
					"@executable_path/Frameworks",
				);
				PRODUCT_BUNDLE_IDENTIFIER = "rudigus.ci-cd-poc";
				PRODUCT_NAME = "ci-cd-poc";
				SDKROOT = iphoneos;
				SWIFT_VERSION = 5.0;
				TARGETED_DEVICE_FAMILY = "1,2";
				VALIDATE_PRODUCT = YES;
			};
			name = Release;
		};
		572C740726E8E529007BBAB0 /* Debug */ = {
			isa = XCBuildConfiguration;
			buildSettings = {
				ASSETCATALOG_COMPILER_APPICON_NAME = AppIcon;
				ASSETCATALOG_COMPILER_GLOBAL_ACCENT_COLOR_NAME = AccentColor;
				CODE_SIGN_ENTITLEMENTS = macOS/macOS.entitlements;
				CODE_SIGN_STYLE = Automatic;
				COMBINE_HIDPI_IMAGES = YES;
				DEVELOPMENT_TEAM = 828XYUZTZQ;
				ENABLE_HARDENED_RUNTIME = YES;
				ENABLE_PREVIEWS = YES;
				INFOPLIST_FILE = macOS/Info.plist;
				LD_RUNPATH_SEARCH_PATHS = (
					"$(inherited)",
					"@executable_path/../Frameworks",
				);
				MACOSX_DEPLOYMENT_TARGET = 11.0;
				PRODUCT_BUNDLE_IDENTIFIER = "rudigus.ci-cd-poc";
				PRODUCT_NAME = "ci-cd-poc";
				SDKROOT = macosx;
				SWIFT_VERSION = 5.0;
			};
			name = Debug;
		};
		572C740826E8E529007BBAB0 /* Release */ = {
			isa = XCBuildConfiguration;
			buildSettings = {
				ASSETCATALOG_COMPILER_APPICON_NAME = AppIcon;
				ASSETCATALOG_COMPILER_GLOBAL_ACCENT_COLOR_NAME = AccentColor;
				CODE_SIGN_ENTITLEMENTS = macOS/macOS.entitlements;
				CODE_SIGN_STYLE = Automatic;
				COMBINE_HIDPI_IMAGES = YES;
				DEVELOPMENT_TEAM = 828XYUZTZQ;
				ENABLE_HARDENED_RUNTIME = YES;
				ENABLE_PREVIEWS = YES;
				INFOPLIST_FILE = macOS/Info.plist;
				LD_RUNPATH_SEARCH_PATHS = (
					"$(inherited)",
					"@executable_path/../Frameworks",
				);
				MACOSX_DEPLOYMENT_TARGET = 11.0;
				PRODUCT_BUNDLE_IDENTIFIER = "rudigus.ci-cd-poc";
				PRODUCT_NAME = "ci-cd-poc";
				SDKROOT = macosx;
				SWIFT_VERSION = 5.0;
			};
			name = Release;
		};
/* End XCBuildConfiguration section */

/* Begin XCConfigurationList section */
		572C73E626E8E527007BBAB0 /* Build configuration list for PBXProject "ci-cd-poc" */ = {
			isa = XCConfigurationList;
			buildConfigurations = (
				572C740126E8E529007BBAB0 /* Debug */,
				572C740226E8E529007BBAB0 /* Release */,
			);
			defaultConfigurationIsVisible = 0;
			defaultConfigurationName = Release;
		};
		572C740326E8E529007BBAB0 /* Build configuration list for PBXNativeTarget "ci-cd-poc (iOS)" */ = {
			isa = XCConfigurationList;
			buildConfigurations = (
				572C740426E8E529007BBAB0 /* Debug */,
				572C740526E8E529007BBAB0 /* Release */,
			);
			defaultConfigurationIsVisible = 0;
			defaultConfigurationName = Release;
		};
		572C740626E8E529007BBAB0 /* Build configuration list for PBXNativeTarget "ci-cd-poc (macOS)" */ = {
			isa = XCConfigurationList;
			buildConfigurations = (
				572C740726E8E529007BBAB0 /* Debug */,
				572C740826E8E529007BBAB0 /* Release */,
			);
			defaultConfigurationIsVisible = 0;
			defaultConfigurationName = Release;
		};
/* End XCConfigurationList section */
	};
	rootObject = 572C73E326E8E527007BBAB0 /* Project object */;
}
